
Microsoft Visual Studio Solution File, Format Version 12.00
# Visual Studio 15
VisualStudioVersion = 15.0.26430.13
MinimumVisualStudioVersion = 10.0.40219.1
Project("{FAE04EC0-301F-11D3-BF4B-00C04F79EFBC}") = "Server Console", "Server Console\Server Console.csproj", "{7E9F6615-A488-4E2B-BA37-AA2E1C9528B2}"
EndProject
Project("{FAE04EC0-301F-11D3-BF4B-00C04F79EFBC}") = "Client Console", "Client Console\Client Console.csproj", "{D12B0682-8865-420F-9EFC-CC78FDF1A440}"
EndProject
Global
	GlobalSection(SolutionConfigurationPlatforms) = preSolution
		Debug|Any CPU = Debug|Any CPU
		Release|Any CPU = Release|Any CPU
	EndGlobalSection
	GlobalSection(ProjectConfigurationPlatforms) = postSolution
		{7E9F6615-A488-4E2B-BA37-AA2E1C9528B2}.Debug|Any CPU.ActiveCfg = Debug|Any CPU
		{7E9F6615-A488-4E2B-BA37-AA2E1C9528B2}.Debug|Any CPU.Build.0 = Debug|Any CPU
		{7E9F6615-A488-4E2B-BA37-AA2E1C9528B2}.Release|Any CPU.ActiveCfg = Release|Any CPU
		{7E9F6615-A488-4E2B-BA37-AA2E1C9528B2}.Release|Any CPU.Build.0 = Release|Any CPU
		{D12B0682-8865-420F-9EFC-CC78FDF1A440}.Debug|Any CPU.ActiveCfg = Debug|Any CPU
		{D12B0682-8865-420F-9EFC-CC78FDF1A440}.Debug|Any CPU.Build.0 = Debug|Any CPU
		{D12B0682-8865-420F-9EFC-CC78FDF1A440}.Release|Any CPU.ActiveCfg = Release|Any CPU
		{D12B0682-8865-420F-9EFC-CC78FDF1A440}.Release|Any CPU.Build.0 = Release|Any CPU
	EndGlobalSection
	GlobalSection(SolutionProperties) = preSolution
		HideSolutionNode = FALSE
	EndGlobalSection
EndGlobal
